
Microsoft Visual Studio Solution File, Format Version 12.00
# Visual Studio Version 17
VisualStudioVersion = 17.9.34622.214
MinimumVisualStudioVersion = 10.0.40219.1
Project("{9A19103F-16F7-4668-BE54-9A1E7A4F7556}") = "Bibliotech.Api", "Bibliotech.Api\Bibliotech.Api.csproj", "{5F256E51-5B35-4745-AF78-963E98544200}"
EndProject
Project("{9A19103F-16F7-4668-BE54-9A1E7A4F7556}") = "Bibliotech.Domain", "Bibliotech.Domain\Bibliotech.Domain.csproj", "{B0BF2997-8DEE-4ADD-9CEB-3D209D44F2D9}"
EndProject
Project("{9A19103F-16F7-4668-BE54-9A1E7A4F7556}") = "Bibliotech.Infrastructure", "Bibliotech.Infrastructure\Bibliotech.Infrastructure.csproj", "{88E96B5A-CD05-4FD5-9412-D03CEDA94419}"
EndProject
Project("{9A19103F-16F7-4668-BE54-9A1E7A4F7556}") = "Bibliotech.Tests", "Bibliotech.Tests\Bibliotech.Tests.csproj", "{ED11A2C6-5F45-480F-90B3-5764D141A995}"
EndProject
Project("{E24C65DC-7377-472B-9ABA-BC803B73C61A}") = "bibliotech-spa", "bibliotech-spa\", "{253A8DF6-DC4D-49E2-92D1-8EA04F614017}"
	ProjectSection(WebsiteProperties) = preProject
		TargetFrameworkMoniker = ".NETFramework,Version%3Dv4.8"
		Debug.AspNetCompiler.VirtualPath = "/localhost_62522"
		Debug.AspNetCompiler.PhysicalPath = "bibliotech-spa\"
		Debug.AspNetCompiler.TargetPath = "PrecompiledWeb\localhost_62522\"
		Debug.AspNetCompiler.Updateable = "true"
		Debug.AspNetCompiler.ForceOverwrite = "true"
		Debug.AspNetCompiler.FixedNames = "false"
		Debug.AspNetCompiler.Debug = "True"
		Release.AspNetCompiler.VirtualPath = "/localhost_62522"
		Release.AspNetCompiler.PhysicalPath = "bibliotech-spa\"
		Release.AspNetCompiler.TargetPath = "PrecompiledWeb\localhost_62522\"
		Release.AspNetCompiler.Updateable = "true"
		Release.AspNetCompiler.ForceOverwrite = "true"
		Release.AspNetCompiler.FixedNames = "false"
		Release.AspNetCompiler.Debug = "False"
		VWDPort = "62522"
		SlnRelativePath = "bibliotech-spa\"
	EndProjectSection
EndProject
Global
	GlobalSection(SolutionConfigurationPlatforms) = preSolution
		Debug|Any CPU = Debug|Any CPU
		Release|Any CPU = Release|Any CPU
	EndGlobalSection
	GlobalSection(ProjectConfigurationPlatforms) = postSolution
		{5F256E51-5B35-4745-AF78-963E98544200}.Debug|Any CPU.ActiveCfg = Debug|Any CPU
		{5F256E51-5B35-4745-AF78-963E98544200}.Debug|Any CPU.Build.0 = Debug|Any CPU
		{5F256E51-5B35-4745-AF78-963E98544200}.Release|Any CPU.ActiveCfg = Release|Any CPU
		{5F256E51-5B35-4745-AF78-963E98544200}.Release|Any CPU.Build.0 = Release|Any CPU
		{B0BF2997-8DEE-4ADD-9CEB-3D209D44F2D9}.Debug|Any CPU.ActiveCfg = Debug|Any CPU
		{B0BF2997-8DEE-4ADD-9CEB-3D209D44F2D9}.Debug|Any CPU.Build.0 = Debug|Any CPU
		{B0BF2997-8DEE-4ADD-9CEB-3D209D44F2D9}.Release|Any CPU.ActiveCfg = Release|Any CPU
		{B0BF2997-8DEE-4ADD-9CEB-3D209D44F2D9}.Release|Any CPU.Build.0 = Release|Any CPU
		{88E96B5A-CD05-4FD5-9412-D03CEDA94419}.Debug|Any CPU.ActiveCfg = Debug|Any CPU
		{88E96B5A-CD05-4FD5-9412-D03CEDA94419}.Debug|Any CPU.Build.0 = Debug|Any CPU
		{88E96B5A-CD05-4FD5-9412-D03CEDA94419}.Release|Any CPU.ActiveCfg = Release|Any CPU
		{88E96B5A-CD05-4FD5-9412-D03CEDA94419}.Release|Any CPU.Build.0 = Release|Any CPU
		{ED11A2C6-5F45-480F-90B3-5764D141A995}.Debug|Any CPU.ActiveCfg = Debug|Any CPU
		{ED11A2C6-5F45-480F-90B3-5764D141A995}.Debug|Any CPU.Build.0 = Debug|Any CPU
		{ED11A2C6-5F45-480F-90B3-5764D141A995}.Release|Any CPU.ActiveCfg = Release|Any CPU
		{ED11A2C6-5F45-480F-90B3-5764D141A995}.Release|Any CPU.Build.0 = Release|Any CPU
		{253A8DF6-DC4D-49E2-92D1-8EA04F614017}.Debug|Any CPU.ActiveCfg = Debug|Any CPU
		{253A8DF6-DC4D-49E2-92D1-8EA04F614017}.Debug|Any CPU.Build.0 = Debug|Any CPU
		{253A8DF6-DC4D-49E2-92D1-8EA04F614017}.Release|Any CPU.ActiveCfg = Debug|Any CPU
		{253A8DF6-DC4D-49E2-92D1-8EA04F614017}.Release|Any CPU.Build.0 = Debug|Any CPU
	EndGlobalSection
	GlobalSection(SolutionProperties) = preSolution
		HideSolutionNode = FALSE
	EndGlobalSection
	GlobalSection(ExtensibilityGlobals) = postSolution
		SolutionGuid = {5885E52D-22CA-4A89-9C20-64F0CC529EF4}
	EndGlobalSection
EndGlobal
