
Microsoft Visual Studio Solution File, Format Version 12.00
# Visual Studio Version 17
VisualStudioVersion = 17.9.34622.214
MinimumVisualStudioVersion = 10.0.40219.1
Project("{FAE04EC0-301F-11D3-BF4B-00C04F79EFBC}") = "Bibliotech.Api", "Bibliotech.Api\Bibliotech.Api.csproj", "{5F256E51-5B35-4745-AF78-963E98544200}"
EndProject
Global
	GlobalSection(SolutionConfigurationPlatforms) = preSolution
		Debug|Any CPU = Debug|Any CPU
		Release|Any CPU = Release|Any CPU
	EndGlobalSection
	GlobalSection(ProjectConfigurationPlatforms) = postSolution
		{5F256E51-5B35-4745-AF78-963E98544200}.Debug|Any CPU.ActiveCfg = Debug|Any CPU
		{5F256E51-5B35-4745-AF78-963E98544200}.Debug|Any CPU.Build.0 = Debug|Any CPU
		{5F256E51-5B35-4745-AF78-963E98544200}.Release|Any CPU.ActiveCfg = Release|Any CPU
		{5F256E51-5B35-4745-AF78-963E98544200}.Release|Any CPU.Build.0 = Release|Any CPU
	EndGlobalSection
	GlobalSection(SolutionProperties) = preSolution
		HideSolutionNode = FALSE
	EndGlobalSection
	GlobalSection(ExtensibilityGlobals) = postSolution
		SolutionGuid = {5885E52D-22CA-4A89-9C20-64F0CC529EF4}
	EndGlobalSection
EndGlobal
